{
    "name": "@cymru/plugin",
    "version": "1.1.2",
    "lockfileVersion": 3,
    "requires": true,
    "packages": {
        "": {
            "name": "@cymru/plugin",
            "version": "1.1.2",
            "hasInstallScript": true,
            "license": "MIT",
            "bin": {
                "plugin": "index.js"
            }
        }
    }
}
